
Microsoft Visual Studio Solution File, Format Version 12.00
# Visual Studio 15
VisualStudioVersion = 15.0.28307.168
MinimumVisualStudioVersion = 10.0.40219.1
Project("{FAE04EC0-301F-11D3-BF4B-00C04F79EFBC}") = "LinqIsBrokenTest", "LinqIsBrokenTest\LinqIsBrokenTest.csproj", "{3FF15F2B-D086-4A07-B0CD-233C716F546E}"
EndProject
Global
	GlobalSection(SolutionConfigurationPlatforms) = preSolution
		Debug|Any CPU = Debug|Any CPU
		Release|Any CPU = Release|Any CPU
	EndGlobalSection
	GlobalSection(ProjectConfigurationPlatforms) = postSolution
		{3FF15F2B-D086-4A07-B0CD-233C716F546E}.Debug|Any CPU.ActiveCfg = Debug|Any CPU
		{3FF15F2B-D086-4A07-B0CD-233C716F546E}.Debug|Any CPU.Build.0 = Debug|Any CPU
		{3FF15F2B-D086-4A07-B0CD-233C716F546E}.Release|Any CPU.ActiveCfg = Release|Any CPU
		{3FF15F2B-D086-4A07-B0CD-233C716F546E}.Release|Any CPU.Build.0 = Release|Any CPU
	EndGlobalSection
	GlobalSection(SolutionProperties) = preSolution
		HideSolutionNode = FALSE
	EndGlobalSection
	GlobalSection(ExtensibilityGlobals) = postSolution
		SolutionGuid = {7C29843A-EFF1-4786-A4B4-99B64A3E2ED2}
	EndGlobalSection
EndGlobal
